
Microsoft Visual Studio Solution File, Format Version 12.00
# Visual Studio Version 17
VisualStudioVersion = 17.10.35013.160
MinimumVisualStudioVersion = 10.0.40219.1
Project("{FAE04EC0-301F-11D3-BF4B-00C04F79EFBC}") = "DoorDashClone", "DoorDashClone\DoorDashClone.csproj", "{88A619E9-C8D4-43C0-9404-5C62C44E9252}"
EndProject
Global
	GlobalSection(SolutionConfigurationPlatforms) = preSolution
		Debug|Any CPU = Debug|Any CPU
		Release|Any CPU = Release|Any CPU
	EndGlobalSection
	GlobalSection(ProjectConfigurationPlatforms) = postSolution
		{88A619E9-C8D4-43C0-9404-5C62C44E9252}.Debug|Any CPU.ActiveCfg = Debug|Any CPU
		{88A619E9-C8D4-43C0-9404-5C62C44E9252}.Debug|Any CPU.Build.0 = Debug|Any CPU
		{88A619E9-C8D4-43C0-9404-5C62C44E9252}.Debug|Any CPU.Deploy.0 = Debug|Any CPU
		{88A619E9-C8D4-43C0-9404-5C62C44E9252}.Release|Any CPU.ActiveCfg = Release|Any CPU
		{88A619E9-C8D4-43C0-9404-5C62C44E9252}.Release|Any CPU.Build.0 = Release|Any CPU
		{88A619E9-C8D4-43C0-9404-5C62C44E9252}.Release|Any CPU.Deploy.0 = Release|Any CPU
	EndGlobalSection
	GlobalSection(SolutionProperties) = preSolution
		HideSolutionNode = FALSE
	EndGlobalSection
	GlobalSection(ExtensibilityGlobals) = postSolution
		SolutionGuid = {89E2F302-E1DB-4F54-AAB9-D79B041302B7}
	EndGlobalSection
EndGlobal
